
Microsoft Visual Studio Solution File, Format Version 12.00
# Visual Studio Version 17
VisualStudioVersion = 17.6.33829.357
MinimumVisualStudioVersion = 10.0.40219.1
Project("{FAE04EC0-301F-11D3-BF4B-00C04F79EFBC}") = "Лабораторная работа 3", "Лабораторная работа 3.csproj", "{99087990-925E-4A8F-B6D8-342C7F2F5477}"
EndProject
Global
	GlobalSection(SolutionConfigurationPlatforms) = preSolution
		Debug|Any CPU = Debug|Any CPU
		Release|Any CPU = Release|Any CPU
	EndGlobalSection
	GlobalSection(ProjectConfigurationPlatforms) = postSolution
		{99087990-925E-4A8F-B6D8-342C7F2F5477}.Debug|Any CPU.ActiveCfg = Debug|Any CPU
		{99087990-925E-4A8F-B6D8-342C7F2F5477}.Debug|Any CPU.Build.0 = Debug|Any CPU
		{99087990-925E-4A8F-B6D8-342C7F2F5477}.Release|Any CPU.ActiveCfg = Release|Any CPU
		{99087990-925E-4A8F-B6D8-342C7F2F5477}.Release|Any CPU.Build.0 = Release|Any CPU
	EndGlobalSection
	GlobalSection(SolutionProperties) = preSolution
		HideSolutionNode = FALSE
	EndGlobalSection
	GlobalSection(ExtensibilityGlobals) = postSolution
		SolutionGuid = {D2F0CB0B-87DF-4BA9-9203-B1BE8D8D5DB2}
	EndGlobalSection
EndGlobal
